
Microsoft Visual Studio Solution File, Format Version 12.00
# Visual Studio 15
VisualStudioVersion = 15.0.27428.2015
MinimumVisualStudioVersion = 10.0.40219.1
Project("{9A19103F-16F7-4668-BE54-9A1E7A4F7556}") = "Educo.Parking.Shell.Web", "Educo.Parking.Shell.Web\Educo.Parking.Shell.Web.csproj", "{9B2EC47B-C534-4573-918F-E3355DF2A58E}"
EndProject
Project("{9A19103F-16F7-4668-BE54-9A1E7A4F7556}") = "Educo.Parking.Business.Tests", "Educo.Parking.Business.Tests\Educo.Parking.Business.Tests.csproj", "{085564BE-CD60-4C4D-9993-395F7F71B4DE}"
EndProject
Project("{9A19103F-16F7-4668-BE54-9A1E7A4F7556}") = "Educo.Parking.Data.Tests", "Educo.Parking.Data.Tests\Educo.Parking.Data.Tests.csproj", "{03E70B06-83B2-41EB-A76E-07378074CB50}"
EndProject
Project("{9A19103F-16F7-4668-BE54-9A1E7A4F7556}") = "Educo.Parking.Business", "Educo.Parking.Business\Educo.Parking.Business.csproj", "{8F262D56-D59D-4C0D-A3E8-C1C737A8A472}"
EndProject
Project("{9A19103F-16F7-4668-BE54-9A1E7A4F7556}") = "Educo.Parking.Data", "Educo.Parking.Data\Educo.Parking.Data.csproj", "{EA71ED66-70FD-414C-BD8D-CD0B9D081AD9}"
EndProject
Global
	GlobalSection(SolutionConfigurationPlatforms) = preSolution
		Debug|Any CPU = Debug|Any CPU
		Release|Any CPU = Release|Any CPU
	EndGlobalSection
	GlobalSection(ProjectConfigurationPlatforms) = postSolution
		{9B2EC47B-C534-4573-918F-E3355DF2A58E}.Debug|Any CPU.ActiveCfg = Debug|Any CPU
		{9B2EC47B-C534-4573-918F-E3355DF2A58E}.Debug|Any CPU.Build.0 = Debug|Any CPU
		{9B2EC47B-C534-4573-918F-E3355DF2A58E}.Release|Any CPU.ActiveCfg = Release|Any CPU
		{9B2EC47B-C534-4573-918F-E3355DF2A58E}.Release|Any CPU.Build.0 = Release|Any CPU
		{085564BE-CD60-4C4D-9993-395F7F71B4DE}.Debug|Any CPU.ActiveCfg = Debug|Any CPU
		{085564BE-CD60-4C4D-9993-395F7F71B4DE}.Debug|Any CPU.Build.0 = Debug|Any CPU
		{085564BE-CD60-4C4D-9993-395F7F71B4DE}.Release|Any CPU.ActiveCfg = Release|Any CPU
		{085564BE-CD60-4C4D-9993-395F7F71B4DE}.Release|Any CPU.Build.0 = Release|Any CPU
		{03E70B06-83B2-41EB-A76E-07378074CB50}.Debug|Any CPU.ActiveCfg = Debug|Any CPU
		{03E70B06-83B2-41EB-A76E-07378074CB50}.Debug|Any CPU.Build.0 = Debug|Any CPU
		{03E70B06-83B2-41EB-A76E-07378074CB50}.Release|Any CPU.ActiveCfg = Release|Any CPU
		{03E70B06-83B2-41EB-A76E-07378074CB50}.Release|Any CPU.Build.0 = Release|Any CPU
		{8F262D56-D59D-4C0D-A3E8-C1C737A8A472}.Debug|Any CPU.ActiveCfg = Debug|Any CPU
		{8F262D56-D59D-4C0D-A3E8-C1C737A8A472}.Debug|Any CPU.Build.0 = Debug|Any CPU
		{8F262D56-D59D-4C0D-A3E8-C1C737A8A472}.Release|Any CPU.ActiveCfg = Release|Any CPU
		{8F262D56-D59D-4C0D-A3E8-C1C737A8A472}.Release|Any CPU.Build.0 = Release|Any CPU
		{EA71ED66-70FD-414C-BD8D-CD0B9D081AD9}.Debug|Any CPU.ActiveCfg = Debug|Any CPU
		{EA71ED66-70FD-414C-BD8D-CD0B9D081AD9}.Debug|Any CPU.Build.0 = Debug|Any CPU
		{EA71ED66-70FD-414C-BD8D-CD0B9D081AD9}.Release|Any CPU.ActiveCfg = Release|Any CPU
		{EA71ED66-70FD-414C-BD8D-CD0B9D081AD9}.Release|Any CPU.Build.0 = Release|Any CPU
	EndGlobalSection
	GlobalSection(SolutionProperties) = preSolution
		HideSolutionNode = FALSE
	EndGlobalSection
	GlobalSection(ExtensibilityGlobals) = postSolution
		SolutionGuid = {959E4825-2969-4E78-BC89-0931E72458D9}
	EndGlobalSection
EndGlobal
