{
  "name": "asp.net",
  "version": "1.0.0",
  "lockfileVersion": 1,
  "requires": true,
  "dependencies": {
    "@types/cash": {
      "version": "0.0.1",
      "resolved": "https://registry.npmjs.org/@types/cash/-/cash-0.0.1.tgz",
      "integrity": "sha1-VYifNG49tqy4y5xkzDWAzx1tvxo=",
      "dev": true
    },
    "@types/googlemaps": {
      "version": "3.30.11",
      "resolved": "https://registry.npmjs.org/@types/googlemaps/-/googlemaps-3.30.11.tgz",
      "integrity": "sha512-/KxRVeLEUEoRyPp9bYNSv2FpuQUAEpTjEKAdcbYEbuFughA24j4Riy+ayAmQHKSZHjRrOt1s7wuksvhakIADPA==",
      "dev": true
    },
    "@types/jquery": {
      "version": "3.3.10",
      "resolved": "https://registry.npmjs.org/@types/jquery/-/jquery-3.3.10.tgz",
      "integrity": "sha512-W2bE8pGh9Tsg8mxh+B6BSH8lTG6ZV7K2ZMAlEwSTqKFU1wMI5HShyRKSp3DngnxCmDu35tW3RAC4mxBFYRsTuw==",
      "dev": true
    },
    "@types/jquery-validation-unobtrusive": {
      "version": "3.2.32",
      "resolved": "https://registry.npmjs.org/@types/jquery-validation-unobtrusive/-/jquery-validation-unobtrusive-3.2.32.tgz",
      "integrity": "sha512-RdGqqH2eheWG8laRwUb/rESNdELWV0wV2AVBkOn1pKI158UEvxOJObQjcJf8F4AMx61H/Dl4YApFO3hBzLKZvQ==",
      "dev": true,
      "requires": {
        "@types/jquery.validation": "*"
      }
    },
    "@types/jquery.validation": {
      "version": "1.16.5",
      "resolved": "https://registry.npmjs.org/@types/jquery.validation/-/jquery.validation-1.16.5.tgz",
      "integrity": "sha512-KLSZQ6MBx4KbaPDP3WucqXkJojgI29+uVBkcHvzyAUUDdExkd60vNHc7++HhZokWk1e7EExxKHLDEAWaQWC2Vg==",
      "dev": true,
      "requires": {
        "@types/jquery": "*"
      }
    },
    "@types/materialize-css": {
      "version": "1.0.4",
      "resolved": "https://registry.npmjs.org/@types/materialize-css/-/materialize-css-1.0.4.tgz",
      "integrity": "sha512-LTPtG9nTRB0OjGpwSqL2n1Nemr1cHnW1GHhuIuoWsTS4pBfiboO/aW7i9HF9cAIf73KLk5rSTY1xWh8tv78LSQ==",
      "dev": true,
      "requires": {
        "@types/cash": "*",
        "@types/jquery": "*"
      }
    }
  }
}
